{
  "name": "peimeizhushou",
  "version": "1.0.0",
  "lockfileVersion": 3,
  "requires": true,
  "packages": {
    "": {
      "name": "peimeizhushou",
      "version": "1.0.0",
      "license": "ISC",
      "dependencies": {
        "jwt-decode": "^3.1.2",
        "surrealdb.js": "^0.11.0"
      },
      "devDependencies": {}
    },
    "node_modules/jwt-decode": {
      "version": "3.1.2",
      "resolved": "https://registry.npmmirror.com/jwt-decode/-/jwt-decode-3.1.2.tgz",
      "integrity": "sha512-UfpWE/VZn0iP50d8cz9NrZLM9lSWhcJ+0Gt/nm4by88UL+J1SiKN8/5dkjMmbEzwL2CAe+67GsegCbIKtbp75A==",
      "license": "MIT"
    },
    "node_modules/surrealdb.js": {
      "version": "0.11.1",
      "resolved": "https://registry.npmmirror.com/surrealdb.js/-/surrealdb.js-0.11.1.tgz",
      "integrity": "sha512-VgIO8uym/+VR7pBvLDSZYXV51CKYIN8eUj9kM44rDLGg3lMlmhnQrFPgi1wD+OZ/c85cLwO2zicVvmA8C0MmIg==",
      "deprecated": "Please visit https://www.npmjs.com/package/surrealdb for the updated SurrealDB SDK.",
      "license": "Apache 2.0",
      "dependencies": {
        "unws": "^0.2.3",
        "ws": "^8.13.0",
        "zod": "^3.22.4"
      }
    },
    "node_modules/unws": {
      "version": "0.2.4",
      "resolved": "https://registry.npmmirror.com/unws/-/unws-0.2.4.tgz",
      "integrity": "sha512-/N1ajiqrSp0A/26/LBg7r10fOcPtGXCqJRJ61sijUFoGZMr6ESWGYn7i0cwr7fR7eEECY5HsitqtjGHDZLAu2w==",
      "license": "MIT",
      "engines": {
        "node": ">=16.14.0"
      },
      "peerDependencies": {
        "ws": "*"
      }
    },
    "node_modules/ws": {
      "version": "8.20.0",
      "resolved": "https://registry.npmmirror.com/ws/-/ws-8.20.0.tgz",
      "integrity": "sha512-sAt8BhgNbzCtgGbt2OxmpuryO63ZoDk/sqaB/znQm94T4fCEsy/yV+7CdC1kJhOU9lboAEU7R3kquuycDoibVA==",
      "license": "MIT",
      "engines": {
        "node": ">=10.0.0"
      },
      "peerDependencies": {
        "bufferutil": "^4.0.1",
        "utf-8-validate": ">=5.0.2"
      },
      "peerDependenciesMeta": {
        "bufferutil": {
          "optional": true
        },
        "utf-8-validate": {
          "optional": true
        }
      }
    },
    "node_modules/zod": {
      "version": "3.25.76",
      "resolved": "https://registry.npmmirror.com/zod/-/zod-3.25.76.tgz",
      "integrity": "sha512-gzUt/qt81nXsFGKIFcC3YnfEAx5NkunCfnDlvuBSSFS02bcXu4Lmea0AFIUwbLWxWPx3d9p8S5QoaujKcNQxcQ==",
      "license": "MIT",
      "funding": {
        "url": "https://github.com/sponsors/colinhacks"
      }
    }
  }
}
